
Microsoft Visual Studio Solution File, Format Version 12.00
# Visual Studio Version 16
VisualStudioVersion = 16.0.32901.82
MinimumVisualStudioVersion = 10.0.40219.1
Project("{FAE04EC0-301F-11D3-BF4B-00C04F79EFBC}") = "Sprint6_Pellitero_Carles", "Sprint6_Pellitero_Carles.csproj", "{4F6CF06C-79B0-425F-A476-9EF4D462A33B}"
EndProject
Project("{FAE04EC0-301F-11D3-BF4B-00C04F79EFBC}") = "ScreensProgram", "..\ScreensProgram\ScreensProgram.csproj", "{627F9EDB-FF6E-4796-A59B-EF378EE05C1F}"
EndProject
Project("{FAE04EC0-301F-11D3-BF4B-00C04F79EFBC}") = "WindowsFormsApp1", "..\WindowsFormsApp1\WindowsFormsApp1.csproj", "{048DCD91-9F82-4ABF-8EC4-931E77174785}"
EndProject
Global
	GlobalSection(SolutionConfigurationPlatforms) = preSolution
		Debug|Any CPU = Debug|Any CPU
		Release|Any CPU = Release|Any CPU
	EndGlobalSection
	GlobalSection(ProjectConfigurationPlatforms) = postSolution
		{4F6CF06C-79B0-425F-A476-9EF4D462A33B}.Debug|Any CPU.ActiveCfg = Debug|Any CPU
		{4F6CF06C-79B0-425F-A476-9EF4D462A33B}.Debug|Any CPU.Build.0 = Debug|Any CPU
		{4F6CF06C-79B0-425F-A476-9EF4D462A33B}.Release|Any CPU.ActiveCfg = Release|Any CPU
		{4F6CF06C-79B0-425F-A476-9EF4D462A33B}.Release|Any CPU.Build.0 = Release|Any CPU
		{627F9EDB-FF6E-4796-A59B-EF378EE05C1F}.Debug|Any CPU.ActiveCfg = Debug|Any CPU
		{627F9EDB-FF6E-4796-A59B-EF378EE05C1F}.Debug|Any CPU.Build.0 = Debug|Any CPU
		{627F9EDB-FF6E-4796-A59B-EF378EE05C1F}.Release|Any CPU.ActiveCfg = Release|Any CPU
		{627F9EDB-FF6E-4796-A59B-EF378EE05C1F}.Release|Any CPU.Build.0 = Release|Any CPU
		{048DCD91-9F82-4ABF-8EC4-931E77174785}.Debug|Any CPU.ActiveCfg = Debug|Any CPU
		{048DCD91-9F82-4ABF-8EC4-931E77174785}.Debug|Any CPU.Build.0 = Debug|Any CPU
		{048DCD91-9F82-4ABF-8EC4-931E77174785}.Release|Any CPU.ActiveCfg = Release|Any CPU
		{048DCD91-9F82-4ABF-8EC4-931E77174785}.Release|Any CPU.Build.0 = Release|Any CPU
	EndGlobalSection
	GlobalSection(SolutionProperties) = preSolution
		HideSolutionNode = FALSE
	EndGlobalSection
	GlobalSection(ExtensibilityGlobals) = postSolution
		SolutionGuid = {6BDDF0B1-7B87-42A6-81B2-C1970195B538}
	EndGlobalSection
EndGlobal
